{
  "name": "Plugins",
  "lockfileVersion": 3,
  "requires": true,
  "packages": {
    "": {
      "dependencies": {
        "com.greener-games.package-extractor": "^1.0.5"
      }
    },
    "node_modules/com.greener-games.package-extractor": {
      "version": "1.0.5",
      "resolved": "https://package.openupm.com/com.greener-games.package-extractor/-/com.greener-games.package-extractor-1.0.5.tgz",
      "integrity": "sha512-VT4kbktyJy0jTKwZVduX++Wx4iRHc5ieTEvRpg8XsvTNOYTtinEdEOrPpS/MIEllW+lHjjTAdSlO5E2AH//PLw=="
    }
  }
}
