{
	"name": "Plugins",
	"lockfileVersion": 3,
	"requires": true,
	"packages": {
		"": {
			"dependencies": {
				"@cd-unreal/assets-blueprint-subsystems": "^1.0.0",
				"@cd-unreal/helpers": "^1.0.0"
			}
		},
		"node_modules/@cd-unreal/assets-blueprint-subsystems": {
			"version": "1.0.0",
			"resolved": "https://cd-package-server-verdaccio.bdjijg.easypanel.host/@cd-unreal/assets-blueprint-subsystems/-/assets-blueprint-subsystems-1.0.0.tgz",
			"integrity": "sha512-3h8EhwLnt5+twY29V4TUlZihZW50AW4ys0N/smls2c7Im0wziz7xDUiE2uUlD2eE22th6UcxZ1En/1Ikpn2q9Q=="
		},
		"node_modules/@cd-unreal/helpers": {
			"version": "1.0.0",
			"resolved": "https://cd-package-server-verdaccio.bdjijg.easypanel.host/@cd-unreal/helpers/-/helpers-1.0.0.tgz",
			"integrity": "sha512-Vvpsf0YzNV7+cNx35dnyWNKFYgj893aU6FkS4VPNu+K5x88na+4WHjRxaUwugwSrfueZCtp13K2MGWRJHcaMRw=="
		}
	}
}
